
Microsoft Visual Studio Solution File, Format Version 12.00
# Visual Studio Version 17
VisualStudioVersion = 17.12.35707.178
MinimumVisualStudioVersion = 10.0.40219.1
Project("{2150E333-8FDC-42A3-9474-1A3956D46DE8}") = "Presentation", "Presentation", "{02EA681E-C7D8-13C7-8484-4AC65E1B71E8}"
EndProject
Project("{2150E333-8FDC-42A3-9474-1A3956D46DE8}") = "src", "src", "{0FEFAEDF-CF21-48C8-BD67-4432292B142A}"
EndProject
Project("{E53339B2-1760-4266-BCC7-CA923CBCF16C}") = "docker-compose", "docker-compose.dcproj", "{81DDED9D-158B-E303-5F62-77A2896D2A5A}"
EndProject
Project("{2150E333-8FDC-42A3-9474-1A3956D46DE8}") = "_Common", "_Common", "{AF63C978-EAD1-43D3-953B-C0DDB486D241}"
EndProject
Project("{2150E333-8FDC-42A3-9474-1A3956D46DE8}") = "src", "src", "{2C0BD1CF-E6ED-4DC2-9337-357BBDA58AE0}"
EndProject
Project("{FAE04EC0-301F-11D3-BF4B-00C04F79EFBC}") = "Common.Core.Boundary", "Common\src\Common.Core.Boundary\Common.Core.Boundary.csproj", "{B07C268A-9C48-9ACA-3090-405AB9DE7884}"
EndProject
Project("{FAE04EC0-301F-11D3-BF4B-00C04F79EFBC}") = "Common.Infrastructure", "Common\src\Common.Infrastructure\Common.Infrastructure.csproj", "{C8EFA71D-8941-85C6-1180-5AEC52364E12}"
EndProject
Project("{FAE04EC0-301F-11D3-BF4B-00C04F79EFBC}") = "Common.LanguageExtensions", "Common\src\Common.LanguageExtensions\Common.LanguageExtensions.csproj", "{D5C425C4-560F-FA82-8E29-83902C95E2C6}"
EndProject
Project("{FAE04EC0-301F-11D3-BF4B-00C04F79EFBC}") = "Common.Testing", "Common\src\Common.Testing\Common.Testing.csproj", "{8432CB51-21F2-6642-30F4-57E78DC4C15F}"
EndProject
Project("{FAE04EC0-301F-11D3-BF4B-00C04F79EFBC}") = "Common.Testing.Integration", "Common\src\Common.Testing.Web\Common.Testing.Integration.csproj", "{6B52EAED-B9B9-64F9-50F6-3390BE4DE5AD}"
EndProject
Project("{2150E333-8FDC-42A3-9474-1A3956D46DE8}") = "test", "test", "{E81EFF19-0C57-4BE4-8B4B-3F80607BC748}"
EndProject
Project("{FAE04EC0-301F-11D3-BF4B-00C04F79EFBC}") = "Common.Infrastructure.Tests", "Common\test\Common.Infrastructure.Tests\Common.Infrastructure.Tests.csproj", "{F37C3656-D7CA-4416-AA84-E670C5AD98EB}"
EndProject
Project("{FAE04EC0-301F-11D3-BF4B-00C04F79EFBC}") = "Common.Infrastructure.Functional.Tests", "Common\test\Common.Infrastructure.Functional.Tests\Common.Infrastructure.Functional.Tests.csproj", "{223E920B-AA2F-60A3-2850-F8793577356A}"
EndProject
Project("{2150E333-8FDC-42A3-9474-1A3956D46DE8}") = "TestApp", "TestApp", "{D8928040-A9F0-4D5D-AA26-19FE1FC408DF}"
EndProject
Project("{FAE04EC0-301F-11D3-BF4B-00C04F79EFBC}") = "TestApp.Core.Boundary", "Common\testApp\src\TestApp.Core.Boundary\TestApp.Core.Boundary.csproj", "{23285E05-484A-3F34-36FF-2F4C5B5B23AA}"
EndProject
Project("{FAE04EC0-301F-11D3-BF4B-00C04F79EFBC}") = "TestApp.Core.Domain", "Common\testApp\src\TestApp.Core.Domain\TestApp.Core.Domain.csproj", "{D636D6DC-2BE4-3265-394C-8CE8FAD1E9F3}"
EndProject
Project("{FAE04EC0-301F-11D3-BF4B-00C04F79EFBC}") = "TestApp.Core", "Common\testApp\src\TestApp.Core\TestApp.Core.csproj", "{A38711FA-162E-E124-1DD3-92F700FDE3BA}"
EndProject
Project("{FAE04EC0-301F-11D3-BF4B-00C04F79EFBC}") = "TestApp.Application.Api.RequestResponse", "Common\testApp\src\TestApp.Application.Api.RequestResponse\TestApp.Application.Api.RequestResponse.csproj", "{3E1C6180-2D67-A498-38D0-8F561B986DDB}"
EndProject
Project("{FAE04EC0-301F-11D3-BF4B-00C04F79EFBC}") = "TestApp.Application.AsyncApi", "Common\testApp\src\TestApp.Application.AsyncApi\TestApp.Application.AsyncApi.csproj", "{A6565FCB-F64F-5BA3-7971-E9A297C602CF}"
EndProject
Project("{FAE04EC0-301F-11D3-BF4B-00C04F79EFBC}") = "TestApp.Application.Api", "Common\testApp\src\TestApp.Application.Api\TestApp.Application.Api.csproj", "{98C519F5-2415-CBD9-1D16-1BDB5671E369}"
EndProject
Project("{FAE04EC0-301F-11D3-BF4B-00C04F79EFBC}") = "TestApp.Application.MessageProcessor", "Common\testApp\src\TestApp.Application.MessageProcessor\TestApp.Application.MessageProcessor.csproj", "{C09D036F-20AB-788D-B0A1-334807482E3B}"
EndProject
Project("{2150E333-8FDC-42A3-9474-1A3956D46DE8}") = "src", "src", "{05FB3397-96EA-45D4-86D8-5D58ECF86468}"
EndProject
Project("{2150E333-8FDC-42A3-9474-1A3956D46DE8}") = "test", "test", "{F6C9F533-3D38-4985-B463-4B8B91D98D51}"
EndProject
Project("{FAE04EC0-301F-11D3-BF4B-00C04F79EFBC}") = "TestApp.Tests", "Common\testApp\test\TestApp.Tests\TestApp.Tests.csproj", "{5394C829-5262-34CD-827A-4194352E201A}"
EndProject
Project("{FAE04EC0-301F-11D3-BF4B-00C04F79EFBC}") = "TestApp.Core.Tests", "Common\testApp\test\TestApp.Core.Tests\TestApp.Core.Tests.csproj", "{6B4C1336-28D4-153B-DC02-67B4C490599F}"
EndProject
Project("{FAE04EC0-301F-11D3-BF4B-00C04F79EFBC}") = "TestApp.Application.AsyncApi.Integration.Tests", "Common\testApp\test\TestApp.Application.AsyncApi.Integration.Tests\TestApp.Application.AsyncApi.Integration.Tests.csproj", "{57725CE4-0CC9-4ADE-DCE7-04631D448A50}"
EndProject
Project("{FAE04EC0-301F-11D3-BF4B-00C04F79EFBC}") = "TestApp.Application.Api.Integration.Tests", "Common\testApp\test\TestApp.Application.Api.Integration.Tests\TestApp.Application.Api.Integration.Tests.csproj", "{CA3BE2DF-A273-880B-2569-6B533D79F8A3}"
EndProject
Project("{FAE04EC0-301F-11D3-BF4B-00C04F79EFBC}") = "TestApp.Application.Api.Functional.Tests", "Common\testApp\test\TestApp.Application.Api.Functional.Tests\TestApp.Application.Api.Functional.Tests.csproj", "{264A5CED-2B2B-FBC5-8346-14DC265C9448}"
EndProject
Project("{2150E333-8FDC-42A3-9474-1A3956D46DE8}") = "Monsters", "Monsters", "{E9B408EF-E381-4123-9C96-938517139903}"
EndProject
Project("{2150E333-8FDC-42A3-9474-1A3956D46DE8}") = "src", "src", "{C86B2FC6-BAAC-4BA9-BB9C-E1E9BC261D1B}"
EndProject
Project("{FAE04EC0-301F-11D3-BF4B-00C04F79EFBC}") = "Monsters.Core.Domain", "Monsters\src\Monsters.Core.Domain\Monsters.Core.Domain.csproj", "{F735832F-9EB4-4071-B1E0-B2A82E6FDFE4}"
EndProject
Project("{2150E333-8FDC-42A3-9474-1A3956D46DE8}") = "__Solution", "__Solution", "{D3EC7DC6-644B-4402-B3E8-EC58DEACAE85}"
	ProjectSection(SolutionItems) = preProject
		Directory.Packages.props = Directory.Packages.props
	EndProjectSection
EndProject
Project("{FAE04EC0-301F-11D3-BF4B-00C04F79EFBC}") = "Monsters.Core.Boundary", "Monsters\src\Monsters.Core.Boundary\Monsters.Core.Boundary.csproj", "{481CC44D-BCCB-49C8-ACD7-9AFC18D298F2}"
EndProject
Project("{FAE04EC0-301F-11D3-BF4B-00C04F79EFBC}") = "Monsters.Core", "Monsters\src\Monsters.Core\Monsters.Core.csproj", "{9A270D6A-AF94-4588-A0E5-E20AA36726A8}"
EndProject
Project("{FAE04EC0-301F-11D3-BF4B-00C04F79EFBC}") = "Monsters.Persistence", "Monsters\src\Monsters.Persistence\Monsters.Persistence.csproj", "{1AC872EC-DF5E-48FA-83B8-CE04D078950A}"
EndProject
Project("{2150E333-8FDC-42A3-9474-1A3956D46DE8}") = "test", "test", "{D944DEC2-567C-4693-BE7A-96220AA5A130}"
EndProject
Project("{FAE04EC0-301F-11D3-BF4B-00C04F79EFBC}") = "Monsters.Testing", "Monsters\test\Monsters.Testing\Monsters.Testing.csproj", "{325CBBD1-98C6-4A07-8159-D45FD7D3FE8C}"
EndProject
Project("{FAE04EC0-301F-11D3-BF4B-00C04F79EFBC}") = "Monsters.Core.Domain.Tests", "Monsters\test\Monsters.Core.Domain.Tests\Monsters.Core.Domain.Tests.csproj", "{EAB573D9-C432-43FF-BA8E-CE8A65DBD17B}"
EndProject
Project("{FAE04EC0-301F-11D3-BF4B-00C04F79EFBC}") = "Monsters.Core.Tests", "Monsters\test\Monsters.Core.Tests\Monsters.Core.Tests.csproj", "{108C913F-78E6-401C-9723-76596D57FD54}"
EndProject
Project("{FAE04EC0-301F-11D3-BF4B-00C04F79EFBC}") = "Monsters.Core.Boundary.Tests", "Monsters\test\Monsters.Core.Boundary.Tests\Monsters.Core.Boundary.Tests.csproj", "{C76D8874-91DE-669F-FB7B-22BC43E602C8}"
EndProject
Project("{FAE04EC0-301F-11D3-BF4B-00C04F79EFBC}") = "Monsters.Application.MessageProcessor", "Monsters\src\Monsters.Application.MessageProcessor\Monsters.Application.MessageProcessor.csproj", "{FD433916-ADB8-4B5C-A167-5417250AB44B}"
EndProject
Project("{FAE04EC0-301F-11D3-BF4B-00C04F79EFBC}") = "Monsters.Integration.Tests", "Monsters\test\Monsters.Integration.Tests\Monsters.Integration.Tests.csproj", "{D778DCA7-216B-4DE1-9069-919626C323BE}"
EndProject
Project("{FAE04EC0-301F-11D3-BF4B-00C04F79EFBC}") = "Presentation.Application.API", "Presentation\src\Presentation.Application.API\Presentation.Application.API.csproj", "{F9AE7104-AB45-8CC4-598B-1652548BF42D}"
EndProject
Project("{FAE04EC0-301F-11D3-BF4B-00C04F79EFBC}") = "Presentation.Persistence", "Presentation\src\Presentation.Persistence\Presentation.Persistence.csproj", "{904EFB12-50BE-48CF-B85F-0CD26E5EAC03}"
EndProject
Project("{FAE04EC0-301F-11D3-BF4B-00C04F79EFBC}") = "Presentation.Core.Boundary", "Presentation\src\Presentation.Core.Boundary\Presentation.Core.Boundary.csproj", "{4431D2E7-AB75-4409-9B46-37B0670E20F2}"
EndProject
Project("{FAE04EC0-301F-11D3-BF4B-00C04F79EFBC}") = "Presentation.Core", "Presentation\src\Presentation.Core\Presentation.Core.csproj", "{A6F76024-90E8-49A3-A253-BB7F23758961}"
EndProject
Project("{FAE04EC0-301F-11D3-BF4B-00C04F79EFBC}") = "Presentation.Core.DataModels", "Presentation\src\Presentation.Core.DataModels\Presentation.Core.DataModels.csproj", "{BB43510F-9102-97C4-BE4E-4763585E11E6}"
EndProject
Project("{FAE04EC0-301F-11D3-BF4B-00C04F79EFBC}") = "Presentation.Application.MessageProcessor", "Presentation\src\Presentation.Application.MessageProcessor\Presentation.Application.MessageProcessor.csproj", "{4931B4AF-3357-5B81-ACDE-D569BA524D9A}"
EndProject
Project("{2150E333-8FDC-42A3-9474-1A3956D46DE8}") = "test", "test", "{41ACC1CB-8435-4172-81B5-3E43780382B3}"
EndProject
Project("{FAE04EC0-301F-11D3-BF4B-00C04F79EFBC}") = "Presentation.Testing", "Presentation\test\Presentation.Testing\Presentation.Testing.csproj", "{CE814257-CF28-4E21-9FE4-A8EEF9991F34}"
EndProject
Project("{FAE04EC0-301F-11D3-BF4B-00C04F79EFBC}") = "Presentation.Core.Tests", "Presentation\test\Presentation.Core.Tests\Presentation.Core.Tests.csproj", "{CBACA84C-5F87-47F1-AD1E-2BFFD672D8F9}"
EndProject
Project("{FAE04EC0-301F-11D3-BF4B-00C04F79EFBC}") = "Presentation.MessageProcessor.Integration.Tests", "Presentation\test\Presentation.MessageProcessor.Integration.Tests\Presentation.MessageProcessor.Integration.Tests.csproj", "{B32DD104-BC04-4A8E-8731-891CE2A68479}"
EndProject
Global
	GlobalSection(SolutionConfigurationPlatforms) = preSolution
		Debug|Any CPU = Debug|Any CPU
		Release|Any CPU = Release|Any CPU
	EndGlobalSection
	GlobalSection(ProjectConfigurationPlatforms) = postSolution
		{81DDED9D-158B-E303-5F62-77A2896D2A5A}.Debug|Any CPU.ActiveCfg = Debug|Any CPU
		{81DDED9D-158B-E303-5F62-77A2896D2A5A}.Debug|Any CPU.Build.0 = Debug|Any CPU
		{81DDED9D-158B-E303-5F62-77A2896D2A5A}.Release|Any CPU.ActiveCfg = Release|Any CPU
		{81DDED9D-158B-E303-5F62-77A2896D2A5A}.Release|Any CPU.Build.0 = Release|Any CPU
		{B07C268A-9C48-9ACA-3090-405AB9DE7884}.Debug|Any CPU.ActiveCfg = Debug|Any CPU
		{B07C268A-9C48-9ACA-3090-405AB9DE7884}.Debug|Any CPU.Build.0 = Debug|Any CPU
		{B07C268A-9C48-9ACA-3090-405AB9DE7884}.Release|Any CPU.ActiveCfg = Release|Any CPU
		{B07C268A-9C48-9ACA-3090-405AB9DE7884}.Release|Any CPU.Build.0 = Release|Any CPU
		{C8EFA71D-8941-85C6-1180-5AEC52364E12}.Debug|Any CPU.ActiveCfg = Debug|Any CPU
		{C8EFA71D-8941-85C6-1180-5AEC52364E12}.Debug|Any CPU.Build.0 = Debug|Any CPU
		{C8EFA71D-8941-85C6-1180-5AEC52364E12}.Release|Any CPU.ActiveCfg = Release|Any CPU
		{C8EFA71D-8941-85C6-1180-5AEC52364E12}.Release|Any CPU.Build.0 = Release|Any CPU
		{D5C425C4-560F-FA82-8E29-83902C95E2C6}.Debug|Any CPU.ActiveCfg = Debug|Any CPU
		{D5C425C4-560F-FA82-8E29-83902C95E2C6}.Debug|Any CPU.Build.0 = Debug|Any CPU
		{D5C425C4-560F-FA82-8E29-83902C95E2C6}.Release|Any CPU.ActiveCfg = Release|Any CPU
		{D5C425C4-560F-FA82-8E29-83902C95E2C6}.Release|Any CPU.Build.0 = Release|Any CPU
		{8432CB51-21F2-6642-30F4-57E78DC4C15F}.Debug|Any CPU.ActiveCfg = Debug|Any CPU
		{8432CB51-21F2-6642-30F4-57E78DC4C15F}.Debug|Any CPU.Build.0 = Debug|Any CPU
		{8432CB51-21F2-6642-30F4-57E78DC4C15F}.Release|Any CPU.ActiveCfg = Release|Any CPU
		{8432CB51-21F2-6642-30F4-57E78DC4C15F}.Release|Any CPU.Build.0 = Release|Any CPU
		{6B52EAED-B9B9-64F9-50F6-3390BE4DE5AD}.Debug|Any CPU.ActiveCfg = Debug|Any CPU
		{6B52EAED-B9B9-64F9-50F6-3390BE4DE5AD}.Debug|Any CPU.Build.0 = Debug|Any CPU
		{6B52EAED-B9B9-64F9-50F6-3390BE4DE5AD}.Release|Any CPU.ActiveCfg = Release|Any CPU
		{6B52EAED-B9B9-64F9-50F6-3390BE4DE5AD}.Release|Any CPU.Build.0 = Release|Any CPU
		{F37C3656-D7CA-4416-AA84-E670C5AD98EB}.Debug|Any CPU.ActiveCfg = Debug|Any CPU
		{F37C3656-D7CA-4416-AA84-E670C5AD98EB}.Debug|Any CPU.Build.0 = Debug|Any CPU
		{F37C3656-D7CA-4416-AA84-E670C5AD98EB}.Release|Any CPU.ActiveCfg = Release|Any CPU
		{F37C3656-D7CA-4416-AA84-E670C5AD98EB}.Release|Any CPU.Build.0 = Release|Any CPU
		{223E920B-AA2F-60A3-2850-F8793577356A}.Debug|Any CPU.ActiveCfg = Debug|Any CPU
		{223E920B-AA2F-60A3-2850-F8793577356A}.Debug|Any CPU.Build.0 = Debug|Any CPU
		{223E920B-AA2F-60A3-2850-F8793577356A}.Release|Any CPU.ActiveCfg = Release|Any CPU
		{223E920B-AA2F-60A3-2850-F8793577356A}.Release|Any CPU.Build.0 = Release|Any CPU
		{23285E05-484A-3F34-36FF-2F4C5B5B23AA}.Debug|Any CPU.ActiveCfg = Debug|Any CPU
		{23285E05-484A-3F34-36FF-2F4C5B5B23AA}.Debug|Any CPU.Build.0 = Debug|Any CPU
		{23285E05-484A-3F34-36FF-2F4C5B5B23AA}.Release|Any CPU.ActiveCfg = Release|Any CPU
		{23285E05-484A-3F34-36FF-2F4C5B5B23AA}.Release|Any CPU.Build.0 = Release|Any CPU
		{D636D6DC-2BE4-3265-394C-8CE8FAD1E9F3}.Debug|Any CPU.ActiveCfg = Debug|Any CPU
		{D636D6DC-2BE4-3265-394C-8CE8FAD1E9F3}.Debug|Any CPU.Build.0 = Debug|Any CPU
		{D636D6DC-2BE4-3265-394C-8CE8FAD1E9F3}.Release|Any CPU.ActiveCfg = Release|Any CPU
		{D636D6DC-2BE4-3265-394C-8CE8FAD1E9F3}.Release|Any CPU.Build.0 = Release|Any CPU
		{A38711FA-162E-E124-1DD3-92F700FDE3BA}.Debug|Any CPU.ActiveCfg = Debug|Any CPU
		{A38711FA-162E-E124-1DD3-92F700FDE3BA}.Debug|Any CPU.Build.0 = Debug|Any CPU
		{A38711FA-162E-E124-1DD3-92F700FDE3BA}.Release|Any CPU.ActiveCfg = Release|Any CPU
		{A38711FA-162E-E124-1DD3-92F700FDE3BA}.Release|Any CPU.Build.0 = Release|Any CPU
		{3E1C6180-2D67-A498-38D0-8F561B986DDB}.Debug|Any CPU.ActiveCfg = Debug|Any CPU
		{3E1C6180-2D67-A498-38D0-8F561B986DDB}.Debug|Any CPU.Build.0 = Debug|Any CPU
		{3E1C6180-2D67-A498-38D0-8F561B986DDB}.Release|Any CPU.ActiveCfg = Release|Any CPU
		{3E1C6180-2D67-A498-38D0-8F561B986DDB}.Release|Any CPU.Build.0 = Release|Any CPU
		{A6565FCB-F64F-5BA3-7971-E9A297C602CF}.Debug|Any CPU.ActiveCfg = Debug|Any CPU
		{A6565FCB-F64F-5BA3-7971-E9A297C602CF}.Debug|Any CPU.Build.0 = Debug|Any CPU
		{A6565FCB-F64F-5BA3-7971-E9A297C602CF}.Release|Any CPU.ActiveCfg = Release|Any CPU
		{A6565FCB-F64F-5BA3-7971-E9A297C602CF}.Release|Any CPU.Build.0 = Release|Any CPU
		{98C519F5-2415-CBD9-1D16-1BDB5671E369}.Debug|Any CPU.ActiveCfg = Debug|Any CPU
		{98C519F5-2415-CBD9-1D16-1BDB5671E369}.Debug|Any CPU.Build.0 = Debug|Any CPU
		{98C519F5-2415-CBD9-1D16-1BDB5671E369}.Release|Any CPU.ActiveCfg = Release|Any CPU
		{98C519F5-2415-CBD9-1D16-1BDB5671E369}.Release|Any CPU.Build.0 = Release|Any CPU
		{C09D036F-20AB-788D-B0A1-334807482E3B}.Debug|Any CPU.ActiveCfg = Debug|Any CPU
		{C09D036F-20AB-788D-B0A1-334807482E3B}.Debug|Any CPU.Build.0 = Debug|Any CPU
		{C09D036F-20AB-788D-B0A1-334807482E3B}.Release|Any CPU.ActiveCfg = Release|Any CPU
		{C09D036F-20AB-788D-B0A1-334807482E3B}.Release|Any CPU.Build.0 = Release|Any CPU
		{5394C829-5262-34CD-827A-4194352E201A}.Debug|Any CPU.ActiveCfg = Debug|Any CPU
		{5394C829-5262-34CD-827A-4194352E201A}.Debug|Any CPU.Build.0 = Debug|Any CPU
		{5394C829-5262-34CD-827A-4194352E201A}.Release|Any CPU.ActiveCfg = Release|Any CPU
		{5394C829-5262-34CD-827A-4194352E201A}.Release|Any CPU.Build.0 = Release|Any CPU
		{6B4C1336-28D4-153B-DC02-67B4C490599F}.Debug|Any CPU.ActiveCfg = Debug|Any CPU
		{6B4C1336-28D4-153B-DC02-67B4C490599F}.Debug|Any CPU.Build.0 = Debug|Any CPU
		{6B4C1336-28D4-153B-DC02-67B4C490599F}.Release|Any CPU.ActiveCfg = Release|Any CPU
		{6B4C1336-28D4-153B-DC02-67B4C490599F}.Release|Any CPU.Build.0 = Release|Any CPU
		{57725CE4-0CC9-4ADE-DCE7-04631D448A50}.Debug|Any CPU.ActiveCfg = Debug|Any CPU
		{57725CE4-0CC9-4ADE-DCE7-04631D448A50}.Debug|Any CPU.Build.0 = Debug|Any CPU
		{57725CE4-0CC9-4ADE-DCE7-04631D448A50}.Release|Any CPU.ActiveCfg = Release|Any CPU
		{57725CE4-0CC9-4ADE-DCE7-04631D448A50}.Release|Any CPU.Build.0 = Release|Any CPU
		{CA3BE2DF-A273-880B-2569-6B533D79F8A3}.Debug|Any CPU.ActiveCfg = Debug|Any CPU
		{CA3BE2DF-A273-880B-2569-6B533D79F8A3}.Debug|Any CPU.Build.0 = Debug|Any CPU
		{CA3BE2DF-A273-880B-2569-6B533D79F8A3}.Release|Any CPU.ActiveCfg = Release|Any CPU
		{CA3BE2DF-A273-880B-2569-6B533D79F8A3}.Release|Any CPU.Build.0 = Release|Any CPU
		{264A5CED-2B2B-FBC5-8346-14DC265C9448}.Debug|Any CPU.ActiveCfg = Debug|Any CPU
		{264A5CED-2B2B-FBC5-8346-14DC265C9448}.Debug|Any CPU.Build.0 = Debug|Any CPU
		{264A5CED-2B2B-FBC5-8346-14DC265C9448}.Release|Any CPU.ActiveCfg = Release|Any CPU
		{264A5CED-2B2B-FBC5-8346-14DC265C9448}.Release|Any CPU.Build.0 = Release|Any CPU
		{F735832F-9EB4-4071-B1E0-B2A82E6FDFE4}.Debug|Any CPU.ActiveCfg = Debug|Any CPU
		{F735832F-9EB4-4071-B1E0-B2A82E6FDFE4}.Debug|Any CPU.Build.0 = Debug|Any CPU
		{F735832F-9EB4-4071-B1E0-B2A82E6FDFE4}.Release|Any CPU.ActiveCfg = Release|Any CPU
		{F735832F-9EB4-4071-B1E0-B2A82E6FDFE4}.Release|Any CPU.Build.0 = Release|Any CPU
		{481CC44D-BCCB-49C8-ACD7-9AFC18D298F2}.Debug|Any CPU.ActiveCfg = Debug|Any CPU
		{481CC44D-BCCB-49C8-ACD7-9AFC18D298F2}.Debug|Any CPU.Build.0 = Debug|Any CPU
		{481CC44D-BCCB-49C8-ACD7-9AFC18D298F2}.Release|Any CPU.ActiveCfg = Release|Any CPU
		{481CC44D-BCCB-49C8-ACD7-9AFC18D298F2}.Release|Any CPU.Build.0 = Release|Any CPU
		{9A270D6A-AF94-4588-A0E5-E20AA36726A8}.Debug|Any CPU.ActiveCfg = Debug|Any CPU
		{9A270D6A-AF94-4588-A0E5-E20AA36726A8}.Debug|Any CPU.Build.0 = Debug|Any CPU
		{9A270D6A-AF94-4588-A0E5-E20AA36726A8}.Release|Any CPU.ActiveCfg = Release|Any CPU
		{9A270D6A-AF94-4588-A0E5-E20AA36726A8}.Release|Any CPU.Build.0 = Release|Any CPU
		{1AC872EC-DF5E-48FA-83B8-CE04D078950A}.Debug|Any CPU.ActiveCfg = Debug|Any CPU
		{1AC872EC-DF5E-48FA-83B8-CE04D078950A}.Debug|Any CPU.Build.0 = Debug|Any CPU
		{1AC872EC-DF5E-48FA-83B8-CE04D078950A}.Release|Any CPU.ActiveCfg = Release|Any CPU
		{1AC872EC-DF5E-48FA-83B8-CE04D078950A}.Release|Any CPU.Build.0 = Release|Any CPU
		{325CBBD1-98C6-4A07-8159-D45FD7D3FE8C}.Debug|Any CPU.ActiveCfg = Debug|Any CPU
		{325CBBD1-98C6-4A07-8159-D45FD7D3FE8C}.Debug|Any CPU.Build.0 = Debug|Any CPU
		{325CBBD1-98C6-4A07-8159-D45FD7D3FE8C}.Release|Any CPU.ActiveCfg = Release|Any CPU
		{325CBBD1-98C6-4A07-8159-D45FD7D3FE8C}.Release|Any CPU.Build.0 = Release|Any CPU
		{EAB573D9-C432-43FF-BA8E-CE8A65DBD17B}.Debug|Any CPU.ActiveCfg = Debug|Any CPU
		{EAB573D9-C432-43FF-BA8E-CE8A65DBD17B}.Debug|Any CPU.Build.0 = Debug|Any CPU
		{EAB573D9-C432-43FF-BA8E-CE8A65DBD17B}.Release|Any CPU.ActiveCfg = Release|Any CPU
		{EAB573D9-C432-43FF-BA8E-CE8A65DBD17B}.Release|Any CPU.Build.0 = Release|Any CPU
		{108C913F-78E6-401C-9723-76596D57FD54}.Debug|Any CPU.ActiveCfg = Debug|Any CPU
		{108C913F-78E6-401C-9723-76596D57FD54}.Debug|Any CPU.Build.0 = Debug|Any CPU
		{108C913F-78E6-401C-9723-76596D57FD54}.Release|Any CPU.ActiveCfg = Release|Any CPU
		{108C913F-78E6-401C-9723-76596D57FD54}.Release|Any CPU.Build.0 = Release|Any CPU
		{C76D8874-91DE-669F-FB7B-22BC43E602C8}.Debug|Any CPU.ActiveCfg = Debug|Any CPU
		{C76D8874-91DE-669F-FB7B-22BC43E602C8}.Debug|Any CPU.Build.0 = Debug|Any CPU
		{C76D8874-91DE-669F-FB7B-22BC43E602C8}.Release|Any CPU.ActiveCfg = Release|Any CPU
		{C76D8874-91DE-669F-FB7B-22BC43E602C8}.Release|Any CPU.Build.0 = Release|Any CPU
		{FD433916-ADB8-4B5C-A167-5417250AB44B}.Debug|Any CPU.ActiveCfg = Debug|Any CPU
		{FD433916-ADB8-4B5C-A167-5417250AB44B}.Debug|Any CPU.Build.0 = Debug|Any CPU
		{FD433916-ADB8-4B5C-A167-5417250AB44B}.Release|Any CPU.ActiveCfg = Release|Any CPU
		{FD433916-ADB8-4B5C-A167-5417250AB44B}.Release|Any CPU.Build.0 = Release|Any CPU
		{D778DCA7-216B-4DE1-9069-919626C323BE}.Debug|Any CPU.ActiveCfg = Debug|Any CPU
		{D778DCA7-216B-4DE1-9069-919626C323BE}.Debug|Any CPU.Build.0 = Debug|Any CPU
		{D778DCA7-216B-4DE1-9069-919626C323BE}.Release|Any CPU.ActiveCfg = Release|Any CPU
		{D778DCA7-216B-4DE1-9069-919626C323BE}.Release|Any CPU.Build.0 = Release|Any CPU
		{F9AE7104-AB45-8CC4-598B-1652548BF42D}.Debug|Any CPU.ActiveCfg = Debug|Any CPU
		{F9AE7104-AB45-8CC4-598B-1652548BF42D}.Debug|Any CPU.Build.0 = Debug|Any CPU
		{F9AE7104-AB45-8CC4-598B-1652548BF42D}.Release|Any CPU.ActiveCfg = Release|Any CPU
		{F9AE7104-AB45-8CC4-598B-1652548BF42D}.Release|Any CPU.Build.0 = Release|Any CPU
		{904EFB12-50BE-48CF-B85F-0CD26E5EAC03}.Debug|Any CPU.ActiveCfg = Debug|Any CPU
		{904EFB12-50BE-48CF-B85F-0CD26E5EAC03}.Debug|Any CPU.Build.0 = Debug|Any CPU
		{904EFB12-50BE-48CF-B85F-0CD26E5EAC03}.Release|Any CPU.ActiveCfg = Release|Any CPU
		{904EFB12-50BE-48CF-B85F-0CD26E5EAC03}.Release|Any CPU.Build.0 = Release|Any CPU
		{4431D2E7-AB75-4409-9B46-37B0670E20F2}.Debug|Any CPU.ActiveCfg = Debug|Any CPU
		{4431D2E7-AB75-4409-9B46-37B0670E20F2}.Debug|Any CPU.Build.0 = Debug|Any CPU
		{4431D2E7-AB75-4409-9B46-37B0670E20F2}.Release|Any CPU.ActiveCfg = Release|Any CPU
		{4431D2E7-AB75-4409-9B46-37B0670E20F2}.Release|Any CPU.Build.0 = Release|Any CPU
		{A6F76024-90E8-49A3-A253-BB7F23758961}.Debug|Any CPU.ActiveCfg = Debug|Any CPU
		{A6F76024-90E8-49A3-A253-BB7F23758961}.Debug|Any CPU.Build.0 = Debug|Any CPU
		{A6F76024-90E8-49A3-A253-BB7F23758961}.Release|Any CPU.ActiveCfg = Release|Any CPU
		{A6F76024-90E8-49A3-A253-BB7F23758961}.Release|Any CPU.Build.0 = Release|Any CPU
		{BB43510F-9102-97C4-BE4E-4763585E11E6}.Debug|Any CPU.ActiveCfg = Debug|Any CPU
		{BB43510F-9102-97C4-BE4E-4763585E11E6}.Debug|Any CPU.Build.0 = Debug|Any CPU
		{BB43510F-9102-97C4-BE4E-4763585E11E6}.Release|Any CPU.ActiveCfg = Release|Any CPU
		{BB43510F-9102-97C4-BE4E-4763585E11E6}.Release|Any CPU.Build.0 = Release|Any CPU
		{4931B4AF-3357-5B81-ACDE-D569BA524D9A}.Debug|Any CPU.ActiveCfg = Debug|Any CPU
		{4931B4AF-3357-5B81-ACDE-D569BA524D9A}.Debug|Any CPU.Build.0 = Debug|Any CPU
		{4931B4AF-3357-5B81-ACDE-D569BA524D9A}.Release|Any CPU.ActiveCfg = Release|Any CPU
		{4931B4AF-3357-5B81-ACDE-D569BA524D9A}.Release|Any CPU.Build.0 = Release|Any CPU
		{CE814257-CF28-4E21-9FE4-A8EEF9991F34}.Debug|Any CPU.ActiveCfg = Debug|Any CPU
		{CE814257-CF28-4E21-9FE4-A8EEF9991F34}.Debug|Any CPU.Build.0 = Debug|Any CPU
		{CE814257-CF28-4E21-9FE4-A8EEF9991F34}.Release|Any CPU.ActiveCfg = Release|Any CPU
		{CE814257-CF28-4E21-9FE4-A8EEF9991F34}.Release|Any CPU.Build.0 = Release|Any CPU
		{CBACA84C-5F87-47F1-AD1E-2BFFD672D8F9}.Debug|Any CPU.ActiveCfg = Debug|Any CPU
		{CBACA84C-5F87-47F1-AD1E-2BFFD672D8F9}.Debug|Any CPU.Build.0 = Debug|Any CPU
		{CBACA84C-5F87-47F1-AD1E-2BFFD672D8F9}.Release|Any CPU.ActiveCfg = Release|Any CPU
		{CBACA84C-5F87-47F1-AD1E-2BFFD672D8F9}.Release|Any CPU.Build.0 = Release|Any CPU
		{B32DD104-BC04-4A8E-8731-891CE2A68479}.Debug|Any CPU.ActiveCfg = Debug|Any CPU
		{B32DD104-BC04-4A8E-8731-891CE2A68479}.Debug|Any CPU.Build.0 = Debug|Any CPU
		{B32DD104-BC04-4A8E-8731-891CE2A68479}.Release|Any CPU.ActiveCfg = Release|Any CPU
		{B32DD104-BC04-4A8E-8731-891CE2A68479}.Release|Any CPU.Build.0 = Release|Any CPU
	EndGlobalSection
	GlobalSection(SolutionProperties) = preSolution
		HideSolutionNode = FALSE
	EndGlobalSection
	GlobalSection(NestedProjects) = preSolution
		{0FEFAEDF-CF21-48C8-BD67-4432292B142A} = {02EA681E-C7D8-13C7-8484-4AC65E1B71E8}
		{2C0BD1CF-E6ED-4DC2-9337-357BBDA58AE0} = {AF63C978-EAD1-43D3-953B-C0DDB486D241}
		{B07C268A-9C48-9ACA-3090-405AB9DE7884} = {2C0BD1CF-E6ED-4DC2-9337-357BBDA58AE0}
		{C8EFA71D-8941-85C6-1180-5AEC52364E12} = {2C0BD1CF-E6ED-4DC2-9337-357BBDA58AE0}
		{D5C425C4-560F-FA82-8E29-83902C95E2C6} = {2C0BD1CF-E6ED-4DC2-9337-357BBDA58AE0}
		{8432CB51-21F2-6642-30F4-57E78DC4C15F} = {2C0BD1CF-E6ED-4DC2-9337-357BBDA58AE0}
		{6B52EAED-B9B9-64F9-50F6-3390BE4DE5AD} = {2C0BD1CF-E6ED-4DC2-9337-357BBDA58AE0}
		{E81EFF19-0C57-4BE4-8B4B-3F80607BC748} = {AF63C978-EAD1-43D3-953B-C0DDB486D241}
		{F37C3656-D7CA-4416-AA84-E670C5AD98EB} = {E81EFF19-0C57-4BE4-8B4B-3F80607BC748}
		{223E920B-AA2F-60A3-2850-F8793577356A} = {E81EFF19-0C57-4BE4-8B4B-3F80607BC748}
		{D8928040-A9F0-4D5D-AA26-19FE1FC408DF} = {AF63C978-EAD1-43D3-953B-C0DDB486D241}
		{23285E05-484A-3F34-36FF-2F4C5B5B23AA} = {05FB3397-96EA-45D4-86D8-5D58ECF86468}
		{D636D6DC-2BE4-3265-394C-8CE8FAD1E9F3} = {05FB3397-96EA-45D4-86D8-5D58ECF86468}
		{A38711FA-162E-E124-1DD3-92F700FDE3BA} = {05FB3397-96EA-45D4-86D8-5D58ECF86468}
		{3E1C6180-2D67-A498-38D0-8F561B986DDB} = {05FB3397-96EA-45D4-86D8-5D58ECF86468}
		{A6565FCB-F64F-5BA3-7971-E9A297C602CF} = {05FB3397-96EA-45D4-86D8-5D58ECF86468}
		{98C519F5-2415-CBD9-1D16-1BDB5671E369} = {05FB3397-96EA-45D4-86D8-5D58ECF86468}
		{C09D036F-20AB-788D-B0A1-334807482E3B} = {05FB3397-96EA-45D4-86D8-5D58ECF86468}
		{05FB3397-96EA-45D4-86D8-5D58ECF86468} = {D8928040-A9F0-4D5D-AA26-19FE1FC408DF}
		{F6C9F533-3D38-4985-B463-4B8B91D98D51} = {D8928040-A9F0-4D5D-AA26-19FE1FC408DF}
		{5394C829-5262-34CD-827A-4194352E201A} = {F6C9F533-3D38-4985-B463-4B8B91D98D51}
		{6B4C1336-28D4-153B-DC02-67B4C490599F} = {F6C9F533-3D38-4985-B463-4B8B91D98D51}
		{57725CE4-0CC9-4ADE-DCE7-04631D448A50} = {F6C9F533-3D38-4985-B463-4B8B91D98D51}
		{CA3BE2DF-A273-880B-2569-6B533D79F8A3} = {F6C9F533-3D38-4985-B463-4B8B91D98D51}
		{264A5CED-2B2B-FBC5-8346-14DC265C9448} = {F6C9F533-3D38-4985-B463-4B8B91D98D51}
		{C86B2FC6-BAAC-4BA9-BB9C-E1E9BC261D1B} = {E9B408EF-E381-4123-9C96-938517139903}
		{F735832F-9EB4-4071-B1E0-B2A82E6FDFE4} = {C86B2FC6-BAAC-4BA9-BB9C-E1E9BC261D1B}
		{481CC44D-BCCB-49C8-ACD7-9AFC18D298F2} = {C86B2FC6-BAAC-4BA9-BB9C-E1E9BC261D1B}
		{9A270D6A-AF94-4588-A0E5-E20AA36726A8} = {C86B2FC6-BAAC-4BA9-BB9C-E1E9BC261D1B}
		{1AC872EC-DF5E-48FA-83B8-CE04D078950A} = {C86B2FC6-BAAC-4BA9-BB9C-E1E9BC261D1B}
		{D944DEC2-567C-4693-BE7A-96220AA5A130} = {E9B408EF-E381-4123-9C96-938517139903}
		{325CBBD1-98C6-4A07-8159-D45FD7D3FE8C} = {D944DEC2-567C-4693-BE7A-96220AA5A130}
		{EAB573D9-C432-43FF-BA8E-CE8A65DBD17B} = {D944DEC2-567C-4693-BE7A-96220AA5A130}
		{108C913F-78E6-401C-9723-76596D57FD54} = {D944DEC2-567C-4693-BE7A-96220AA5A130}
		{C76D8874-91DE-669F-FB7B-22BC43E602C8} = {D944DEC2-567C-4693-BE7A-96220AA5A130}
		{FD433916-ADB8-4B5C-A167-5417250AB44B} = {C86B2FC6-BAAC-4BA9-BB9C-E1E9BC261D1B}
		{D778DCA7-216B-4DE1-9069-919626C323BE} = {D944DEC2-567C-4693-BE7A-96220AA5A130}
		{F9AE7104-AB45-8CC4-598B-1652548BF42D} = {0FEFAEDF-CF21-48C8-BD67-4432292B142A}
		{904EFB12-50BE-48CF-B85F-0CD26E5EAC03} = {0FEFAEDF-CF21-48C8-BD67-4432292B142A}
		{4431D2E7-AB75-4409-9B46-37B0670E20F2} = {0FEFAEDF-CF21-48C8-BD67-4432292B142A}
		{A6F76024-90E8-49A3-A253-BB7F23758961} = {0FEFAEDF-CF21-48C8-BD67-4432292B142A}
		{BB43510F-9102-97C4-BE4E-4763585E11E6} = {0FEFAEDF-CF21-48C8-BD67-4432292B142A}
		{4931B4AF-3357-5B81-ACDE-D569BA524D9A} = {0FEFAEDF-CF21-48C8-BD67-4432292B142A}
		{41ACC1CB-8435-4172-81B5-3E43780382B3} = {02EA681E-C7D8-13C7-8484-4AC65E1B71E8}
		{CE814257-CF28-4E21-9FE4-A8EEF9991F34} = {41ACC1CB-8435-4172-81B5-3E43780382B3}
		{CBACA84C-5F87-47F1-AD1E-2BFFD672D8F9} = {41ACC1CB-8435-4172-81B5-3E43780382B3}
		{B32DD104-BC04-4A8E-8731-891CE2A68479} = {41ACC1CB-8435-4172-81B5-3E43780382B3}
	EndGlobalSection
	GlobalSection(ExtensibilityGlobals) = postSolution
		SolutionGuid = {CD8BD1EF-B5D9-41F1-B5FB-7B210FE3F5CC}
	EndGlobalSection
EndGlobal
